
Microsoft Visual Studio Solution File, Format Version 12.00
# Visual Studio Version 17
VisualStudioVersion = 17.3.32901.215
MinimumVisualStudioVersion = 10.0.40219.1
Project("{FAE04EC0-301F-11D3-BF4B-00C04F79EFBC}") = "StringLibrary", "StringLibrary\StringLibrary.csproj", "{9DC62E50-D076-4FE1-B7C4-8F14CCB201FF}"
EndProject
Global
	GlobalSection(SolutionConfigurationPlatforms) = preSolution
		Debug|Any CPU = Debug|Any CPU
		Release|Any CPU = Release|Any CPU
	EndGlobalSection
	GlobalSection(ProjectConfigurationPlatforms) = postSolution
		{9DC62E50-D076-4FE1-B7C4-8F14CCB201FF}.Debug|Any CPU.ActiveCfg = Debug|Any CPU
		{9DC62E50-D076-4FE1-B7C4-8F14CCB201FF}.Debug|Any CPU.Build.0 = Debug|Any CPU
		{9DC62E50-D076-4FE1-B7C4-8F14CCB201FF}.Release|Any CPU.ActiveCfg = Release|Any CPU
		{9DC62E50-D076-4FE1-B7C4-8F14CCB201FF}.Release|Any CPU.Build.0 = Release|Any CPU
	EndGlobalSection
	GlobalSection(SolutionProperties) = preSolution
		HideSolutionNode = FALSE
	EndGlobalSection
	GlobalSection(ExtensibilityGlobals) = postSolution
		SolutionGuid = {C19CE9C4-D863-4CF6-A355-EC5850BA195F}
	EndGlobalSection
EndGlobal
